
Microsoft Visual Studio Solution File, Format Version 12.00
Project("{FAE04EC0-301F-11D3-BF4B-00C04F79EFBC}") = "waves-server", "waves-server.csproj", "{31D49F6C-2875-4621-9078-F38BA3F32F6F}"
EndProject
Global
	GlobalSection(SolutionConfigurationPlatforms) = preSolution
		Debug|Any CPU = Debug|Any CPU
		Release|Any CPU = Release|Any CPU
	EndGlobalSection
	GlobalSection(ProjectConfigurationPlatforms) = postSolution
		{31D49F6C-2875-4621-9078-F38BA3F32F6F}.Debug|Any CPU.ActiveCfg = Debug|Any CPU
		{31D49F6C-2875-4621-9078-F38BA3F32F6F}.Debug|Any CPU.Build.0 = Debug|Any CPU
		{31D49F6C-2875-4621-9078-F38BA3F32F6F}.Release|Any CPU.ActiveCfg = Release|Any CPU
		{31D49F6C-2875-4621-9078-F38BA3F32F6F}.Release|Any CPU.Build.0 = Release|Any CPU
	EndGlobalSection
EndGlobal
